
Microsoft Visual Studio Solution File, Format Version 12.00
# Visual Studio Version 17
VisualStudioVersion = 17.14.36414.22
MinimumVisualStudioVersion = 10.0.40219.1
Project("{FAE04EC0-301F-11D3-BF4B-00C04F79EFBC}") = "Spidoznii_Kozyvki", "Spidoznii_Kozyvki\Spidoznii_Kozyvki.csproj", "{BECF6758-815B-4E88-BA87-31A2EAFC23B6}"
EndProject
Project("{FAE04EC0-301F-11D3-BF4B-00C04F79EFBC}") = "ClassLibrary1", "ClassLibrary1\ClassLibrary1.csproj", "{6E752E15-B594-49D5-81FD-F4A6D3B02EA4}"
EndProject
Project("{FAE04EC0-301F-11D3-BF4B-00C04F79EFBC}") = "TestProject1", "TestProject1\TestProject1.csproj", "{4BE925ED-50D2-4D76-BE3C-701C9A9AD804}"
EndProject
Global
	GlobalSection(SolutionConfigurationPlatforms) = preSolution
		Debug|Any CPU = Debug|Any CPU
		Release|Any CPU = Release|Any CPU
	EndGlobalSection
	GlobalSection(ProjectConfigurationPlatforms) = postSolution
		{BECF6758-815B-4E88-BA87-31A2EAFC23B6}.Debug|Any CPU.ActiveCfg = Debug|Any CPU
		{BECF6758-815B-4E88-BA87-31A2EAFC23B6}.Debug|Any CPU.Build.0 = Debug|Any CPU
		{BECF6758-815B-4E88-BA87-31A2EAFC23B6}.Release|Any CPU.ActiveCfg = Release|Any CPU
		{BECF6758-815B-4E88-BA87-31A2EAFC23B6}.Release|Any CPU.Build.0 = Release|Any CPU
		{6E752E15-B594-49D5-81FD-F4A6D3B02EA4}.Debug|Any CPU.ActiveCfg = Debug|Any CPU
		{6E752E15-B594-49D5-81FD-F4A6D3B02EA4}.Debug|Any CPU.Build.0 = Debug|Any CPU
		{6E752E15-B594-49D5-81FD-F4A6D3B02EA4}.Release|Any CPU.ActiveCfg = Release|Any CPU
		{6E752E15-B594-49D5-81FD-F4A6D3B02EA4}.Release|Any CPU.Build.0 = Release|Any CPU
		{4BE925ED-50D2-4D76-BE3C-701C9A9AD804}.Debug|Any CPU.ActiveCfg = Debug|Any CPU
		{4BE925ED-50D2-4D76-BE3C-701C9A9AD804}.Debug|Any CPU.Build.0 = Debug|Any CPU
		{4BE925ED-50D2-4D76-BE3C-701C9A9AD804}.Release|Any CPU.ActiveCfg = Release|Any CPU
		{4BE925ED-50D2-4D76-BE3C-701C9A9AD804}.Release|Any CPU.Build.0 = Release|Any CPU
	EndGlobalSection
	GlobalSection(SolutionProperties) = preSolution
		HideSolutionNode = FALSE
	EndGlobalSection
	GlobalSection(ExtensibilityGlobals) = postSolution
		SolutionGuid = {B6BEA4C2-D074-41AB-A4AA-C77C5F2DB5E6}
	EndGlobalSection
EndGlobal
